
Microsoft Visual Studio Solution File, Format Version 11.00
# Visual Studio 2010
Project("{FAE04EC0-301F-11D3-BF4B-00C04F79EFBC}") = "SVNUpdateAllDir", "SVNUpdateAllDir\SVNUpdateAllDir.csproj", "{C5576E16-022D-4DD4-AA0F-C8225031C12A}"
EndProject
Global
	GlobalSection(SolutionConfigurationPlatforms) = preSolution
		Debug|x86 = Debug|x86
		Release|x86 = Release|x86
	EndGlobalSection
	GlobalSection(ProjectConfigurationPlatforms) = postSolution
		{C5576E16-022D-4DD4-AA0F-C8225031C12A}.Debug|x86.ActiveCfg = Debug|x86
		{C5576E16-022D-4DD4-AA0F-C8225031C12A}.Debug|x86.Build.0 = Debug|x86
		{C5576E16-022D-4DD4-AA0F-C8225031C12A}.Release|x86.ActiveCfg = Release|x86
		{C5576E16-022D-4DD4-AA0F-C8225031C12A}.Release|x86.Build.0 = Release|x86
	EndGlobalSection
	GlobalSection(SolutionProperties) = preSolution
		HideSolutionNode = FALSE
	EndGlobalSection
EndGlobal
